github.com/RoaringBitmap/roaring v0.4.16 h1:NholfewybRLOwACgfqfzn/N5xa6keKNs4fP00t0cwLo=
github.com/RoaringBitmap/roaring v0.4.16/go.mod h1:8khRDP4HmeXns4xIj9oGrKSz7XTQiJx2zgh7AcNke4w=
github.com/Smerity/govarint v0.0.0-20150407073650-7265e41f48f1 h1:G/NOANWMQev0CftoyxQwtRakdyNNNMB3qxkt/tj1HGs=
github.com/Smerity/govarint v0.0.0-20150407073650-7265e41f48f1/go.mod h1:o80NPAib/LOl8Eysqppjj7kkGkqz++eqzYGlvROpDcQ=
github.com/blevesearch/bleve v0.7.0 h1:znyZ3zjsh2Scr60vszs7rbF29TU6i1q9bfnZf1vh0Ac=
github.com/blevesearch/bleve v0.7.0/go.mod h1:Y2lmIkzV6mcNfAnAdOd+ZxHkHchhBfU/xroGIp61wfw=
github.com/blevesearch/go-porterstemmer v1.0.1 h1:+ZjIF3K4U+LxqMybaE4hxyMuMvdX1Fq17CyzOXxJaiM=
github.com/blevesearch/go-porterstemmer v1.0.1/go.mod h1:haWQqFT3RdOGz7PJuM3or/pWNJS1pKkoZJWCkWu0DVA=
github.com/blevesearch/segment v0.0.0-20160915185041-762005e7a34f h1:kqbi9lqXLLs+zfWlgo1PIiRQ86n33K1JKotjj4rSYOg=
github.com/blevesearch/segment v0.0.0-20160915185041-762005e7a34f/go.mod h1:IInt5XRvpiGE09KOk9mmCMLjHhydIhNPKPPFLFBB7L8=
github.com/boltdb/bolt v1.3.1 h1:JQmyP4ZBrce+ZQu0dY660FMfatumYDLun9hBCUVIkF4=
github.com/boltdb/bolt v1.3.1/go.mod h1:clJnj/oiGkjum5o1McbSZDSLxVThjynRyGBgiAx27Ps=
github.com/couchbase/vellum v0.0.0-20180910213445-01d5c56e6095 h1:dh7mqP7LS9voSd1Wx515giC2lPjPVduBpujISaftHrc=
github.com/couchbase/vellum v0.0.0-20180910213445-01d5c56e6095/go.mod h1:prYTC8EgTu3gwbqJihkud9zRXISvyulAplQ6exdCo1g=
github.com/edsrzf/mmap-go v0.0.0-20170320065105-0bce6a688712 h1:aaQcKT9WumO6JEJcRyTqFVq4XUZiUcKR2/GI31TOcz8=
github.com/edsrzf/mmap-go v0.0.0-20170320065105-0bce6a688712/go.mod h1:YO35OhQPt3KJa3ryjFM5Bs14WD66h8eGKpfaBNrHW5M=
github.com/glycerine/go-unsnap-stream v0.0.0-20180323001048-9f0cb55181dd h1:r04MMPyLHj/QwZuMJ5+7tJcBr1AQjpiAK/rZWRrQT7o=
github.com/glycerine/go-unsnap-stream v0.0.0-20180323001048-9f0cb55181dd/go.mod h1:/20jfyN9Y5QPEAprSgKAUr+glWDY39ZiUEAYOEv5dsE=
github.com/golang/protobuf v1.2.0 h1:P3YflyNX/ehuJFLhxviNdFxQPkGK5cDcApsge1SqnvM=
github.com/golang/protobuf v1.2.0/go.mod h1:6lQm79b+lXiMfvg/cZm0SGofjICqVBUtrP5yJMmIC1U=
github.com/golang/snappy v0.0.0-20180518054509-2e65f85255db h1:woRePGFeVFfLKN/pOkfl+p/TAqKOfFu+7KPlMVpok/w=
github.com/golang/snappy v0.0.0-20180518054509-2e65f85255db/go.mod h1:/XxbfmMg8lxefKM7IXC3fBNl/7bRcc72aCRzEWrmP2Q=
github.com/gorilla/context v1.1.1/go.mod h1:kBGZzfjB9CEq2AlWe17Uuf7NDRt0dE0s8S51q0aT7Yg=
github.com/gorilla/handlers v1.4.0 h1:XulKRWSQK5uChr4pEgSE4Tc/OcmnU9GJuSwdog/tZsA=
github.com/gorilla/handlers v1.4.0/go.mod h1:Qkdc/uu4tH4g6mTK6auzZ766c4CA0Ng8+o/OAirnOIQ=
github.com/gorilla/mux v1.6.2 h1:Pgr17XVTNXAk3q/r4CpKzC5xBM/qW1uVLV+IhRZpIIk=
github.com/gorilla/mux v1.6.2/go.mod h1:1lud6UwP+6orDFRuTfBEV8e9/aOM/c4fVVCaMa2zaAs=
github.com/mschoch/smat v0.0.0-20160514031455-90eadee771ae/go.mod h1:qAyveg+e4CE+eKJXWVjKXM4ck2QobLqTDytGJbLLhJg=
github.com/philhofer/fwd v1.0.0 h1:UbZqGr5Y38ApvM/V/jEljVxwocdweyH+vmYvRPBnbqQ=
github.com/philhofer/fwd v1.0.0/go.mod h1:gk3iGcWd9+svBvR0sR+KPcfE+RNWozjowpeBVG3ZVNU=
github.com/radovskyb/watcher v1.0.2 h1:9L5TsZUbo1nKhQEQPtICVc+x9UZQ6VPdBepLHyGw/bQ=
github.com/radovskyb/watcher v1.0.2/go.mod h1:78okwvY5wPdzcb1UYnip1pvrZNIVEIh/Cm+ZuvsUYIg=
github.com/steveyen/gtreap v0.0.0-20150807155958-0abe01ef9be2 h1:JNEGSiWg6D3lcBCMCBqN3ELniXujt+0QNHLhNnO0w3s=
github.com/steveyen/gtreap v0.0.0-20150807155958-0abe01ef9be2/go.mod h1:mjqs7N0Q6m5HpR7QfXVBZXZWSqTjQLeTujjA/xUp2uw=
github.com/tinylib/msgp v1.0.2 h1:DfdQrzQa7Yh2es9SuLkixqxuXS2SxsdYn0KbdrOGWD8=
github.com/tinylib/msgp v1.0.2/go.mod h1:+d+yLhGm8mzTaHzB+wgMYrodPfmZrzkirds8fDWklFE=
github.com/willf/bitset v1.1.9 h1:GBtFynGY9ZWZmEC9sWuu41/7VBXPFCOAbCbqTflOg9c=
github.com/willf/bitset v1.1.9/go.mod h1:RjeCKbqT1RxIR/KWY6phxZiaY1IyutSBfGjNPySAYV4=
golang.org/x/net v0.0.0-20181114220301-adae6a3d119a h1:gOpx8G595UYyvj8UK4+OFyY4rx037g3fmfhe5SasG3U=
golang.org/x/net v0.0.0-20181114220301-adae6a3d119a/go.mod h1:mL1N/T3taQHkDXs73rZJwtUhF3w3ftmwwsq0BUmARs4=
golang.org/x/sys v0.0.0-20181121002834-0cf1ed9e522b/go.mod h1:STP8DvDyc/dI5b8T5hshtkjS+E42TnysNCUPdjciGhY=
